
Microsoft Visual Studio Solution File, Format Version 12.00
# Visual Studio 14
VisualStudioVersion = 14.0.23107.0
MinimumVisualStudioVersion = 10.0.40219.1
Project("{FAE04EC0-301F-11D3-BF4B-00C04F79EFBC}") = "XsdToVo", "XsdToVo\XsdToVo.csproj", "{97747F2C-F8F0-404B-B389-EA7D19E27CBD}"
EndProject
Project("{FAE04EC0-301F-11D3-BF4B-00C04F79EFBC}") = "Demo", "Demo\Demo.csproj", "{2CEA43F1-4395-4626-8314-D86B07312B81}"
EndProject
Global
	GlobalSection(SolutionConfigurationPlatforms) = preSolution
		Debug|Any CPU = Debug|Any CPU
		Release|Any CPU = Release|Any CPU
	EndGlobalSection
	GlobalSection(ProjectConfigurationPlatforms) = postSolution
		{97747F2C-F8F0-404B-B389-EA7D19E27CBD}.Debug|Any CPU.ActiveCfg = Debug|Any CPU
		{97747F2C-F8F0-404B-B389-EA7D19E27CBD}.Debug|Any CPU.Build.0 = Debug|Any CPU
		{97747F2C-F8F0-404B-B389-EA7D19E27CBD}.Release|Any CPU.ActiveCfg = Release|Any CPU
		{97747F2C-F8F0-404B-B389-EA7D19E27CBD}.Release|Any CPU.Build.0 = Release|Any CPU
		{2CEA43F1-4395-4626-8314-D86B07312B81}.Debug|Any CPU.ActiveCfg = Debug|Any CPU
		{2CEA43F1-4395-4626-8314-D86B07312B81}.Debug|Any CPU.Build.0 = Debug|Any CPU
		{2CEA43F1-4395-4626-8314-D86B07312B81}.Release|Any CPU.ActiveCfg = Release|Any CPU
		{2CEA43F1-4395-4626-8314-D86B07312B81}.Release|Any CPU.Build.0 = Release|Any CPU
	EndGlobalSection
	GlobalSection(SolutionProperties) = preSolution
		HideSolutionNode = FALSE
	EndGlobalSection
EndGlobal
